<?xml version="1.0" encoding="utf-8"?>
<Project ToolsVersion="4.0" xmlns="http://schemas.microsoft.com/developer/msbuild/2003">
  <ItemGroup>
    <Filter Include="Source Files">
      <UniqueIdentifier>{4FC737F1-C7A5-4376-A066-2A32D752A2FF}</UniqueIdentifier>
      <Extensions>cpp;c;cc;cxx;c++;cppm;ixx;def;odl;idl;hpj;bat;asm;asmx</Extensions>
    </Filter>
    <Filter Include="Header Files">
      <UniqueIdentifier>{93995380-89BD-4b04-88EB-625FBE52EBFB}</UniqueIdentifier>
      <Extensions>h;hh;hpp;hxx;h++;hm;inl;inc;ipp;xsd</Extensions>
    </Filter>
    <Filter Include="Resource Files">
      <UniqueIdentifier>{67DA6AB6-F800-4c08-8B7A-83BB121AAD01}</UniqueIdentifier>
      <Extensions>rc;ico;cur;bmp;dlg;rc2;rct;bin;rgs;gif;jpg;jpeg;jpe;resx;tiff;tif;png;wav;mfcribbon-ms</Extensions>
    </Filter>
  </ItemGroup>
  <ItemGroup>
    <None Include="packages.config" />
  </ItemGroup>
  <ItemGroup>
    <ClCompile Include="main.cpp">
      <Filter>Source Files</Filter>
    </ClCompile>
    <ClCompile Include="features\TestAimbot.cpp">
      <Filter>Source Files</Filter>
    </ClCompile>
    <ClCompile Include="features\TestAimbotAimAssist.cpp">
      <Filter>Source Files</Filter>
    </ClCompile>
    <ClCompile Include="features\TestAnimationSmoothness.cpp">
      <Filter>Source Files</Filter>
    </ClCompile>
    <ClCompile Include="features\TestAnimationPipelineIntegration.cpp">
      <Filter>Source Files</Filter>
    </ClCompile>
    <ClCompile Include="features\TestBaseInterpolatePart1.cpp">
      <Filter>Source Files</Filter>
    </ClCompile>
    <ClCompile Include="features\TestCFG.cpp">
      <Filter>Source Files</Filter>
    </ClCompile>
    <ClCompile Include="features\TestCrashHandler.cpp">
      <Filter>Source Files</Filter>
    </ClCompile>
    <ClCompile Include="features\TestFrameStageAnimDrive.cpp">
      <Filter>Source Files</Filter>
    </ClCompile>
    <ClCompile Include="features\TestInterpolateServerEntities.cpp">
      <Filter>Source Files</Filter>
    </ClCompile>
    <ClCompile Include="features\TestLagRecordsRotational.cpp">
      <Filter>Source Files</Filter>
    </ClCompile>
    <ClCompile Include="features\TestMultiPlayerAnimStateResetGestureSlot.cpp">
      <Filter>Source Files</Filter>
    </ClCompile>
    <ClCompile Include="features\TestResetLatched.cpp">
      <Filter>Source Files</Filter>
    </ClCompile>
    <ClCompile Include="features\TestSequenceTransitioner.cpp">
      <Filter>Source Files</Filter>
    </ClCompile>
    <ClCompile Include="features\TestSetupBones.cpp">
      <Filter>Source Files</Filter>
    </ClCompile>
    <ClCompile Include="features\TestUpdateClientSideAnimation.cpp">
      <Filter>Source Files</Filter>
    </ClCompile>
    <ClCompile Include="features\TestVelFix.cpp">
      <Filter>Source Files</Filter>
    </ClCompile>
    <ClCompile Include="features\TestChat.cpp">
      <Filter>Source Files</Filter>
    </ClCompile>
    <ClCompile Include="features\TestCrits.cpp">
      <Filter>Source Files</Filter>
    </ClCompile>
    <ClCompile Include="features\TestEnginePrediction.cpp">
      <Filter>Source Files</Filter>
    </ClCompile>
    <ClCompile Include="features\TestKillstreak.cpp">
      <Filter>Source Files</Filter>
    </ClCompile>
    <ClCompile Include="features\TestESP.cpp">
      <Filter>Source Files</Filter>
    </ClCompile>
    <ClCompile Include="features\TestLagRecords.cpp">
      <Filter>Source Files</Filter>
    </ClCompile>
    <ClCompile Include="features\TestMaterials.cpp">
      <Filter>Source Files</Filter>
    </ClCompile>
    <ClCompile Include="features\TestMenu.cpp">
      <Filter>Source Files</Filter>
    </ClCompile>
    <ClCompile Include="features\TestMisc.cpp">
      <Filter>Source Files</Filter>
    </ClCompile>
    <ClCompile Include="features\TestMiscVisuals.cpp">
      <Filter>Source Files</Filter>
    </ClCompile>
    <ClCompile Include="features\TestMovementSimulation.cpp">
      <Filter>Source Files</Filter>
    </ClCompile>
    <ClCompile Include="features\TestNetworkFix.cpp">
      <Filter>Source Files</Filter>
    </ClCompile>
    <ClCompile Include="features\TestOutlines.cpp">
      <Filter>Source Files</Filter>
    </ClCompile>
    <ClCompile Include="features\TestPaint.cpp">
      <Filter>Source Files</Filter>
    </ClCompile>
    <ClCompile Include="features\TestPlayers.cpp">
      <Filter>Source Files</Filter>
    </ClCompile>
    <ClCompile Include="features\TestProjectileSim.cpp">
      <Filter>Source Files</Filter>
    </ClCompile>
    <ClCompile Include="features\TestProjectilePrediction.cpp">
      <Filter>Source Files</Filter>
    </ClCompile>
    <ClCompile Include="features\TestRadar.cpp">
      <Filter>Source Files</Filter>
    </ClCompile>
    <ClCompile Include="features\TestRapidFire.cpp">
      <Filter>Source Files</Filter>
    </ClCompile>
    <ClCompile Include="features\TestSeedPred.cpp">
      <Filter>Source Files</Filter>
    </ClCompile>
    <ClCompile Include="features\TestSpectatorList.cpp">
      <Filter>Source Files</Filter>
    </ClCompile>
    <ClCompile Include="features\TestSpyCamera.cpp">
      <Filter>Source Files</Filter>
    </ClCompile>
    <ClCompile Include="features\TestSpyWarning.cpp">
      <Filter>Source Files</Filter>
    </ClCompile>
    <ClCompile Include="features\TestStickyJump.cpp">
      <Filter>Source Files</Filter>
    </ClCompile>
    <ClCompile Include="features\TestTeamWellBeing.cpp">
      <Filter>Source Files</Filter>
    </ClCompile>
    <ClCompile Include="features\TestTriggerbot.cpp">
      <Filter>Source Files</Filter>
    </ClCompile>
    <ClCompile Include="features\TestVisualUtils.cpp">
      <Filter>Source Files</Filter>
    </ClCompile>
    <ClCompile Include="features\TestWorldModulation.cpp">
      <Filter>Source Files</Filter>
    </ClCompile>
    <ClCompile Include="utils\TestVector.cpp">
      <Filter>Source Files</Filter>
    </ClCompile>
    <ClCompile Include="utils\TestMath.cpp">
      <Filter>Source Files</Filter>
    </ClCompile>
    <ClCompile Include="utils\TestColor.cpp">
      <Filter>Source Files</Filter>
    </ClCompile>
    <ClCompile Include="utils\TestHash.cpp">
      <Filter>Source Files</Filter>
    </ClCompile>
    <ClCompile Include="utils\TestConfig.cpp">
      <Filter>Source Files</Filter>
    </ClCompile>
    <ClCompile Include="utils\TestMemory.cpp">
      <Filter>Source Files</Filter>
    </ClCompile>
  </ItemGroup>
  <ItemGroup>
    <ClInclude Include="helpers\SourceContractAssertions.h">
      <Filter>Header Files</Filter>
    </ClInclude>
  </ItemGroup>
</Project>

